{
    "_readme": [
        "This file locks the dependencies of your project to a known state",
        "Read more about it at https://getcomposer.org/doc/01-basic-usage.md#composer-lock-the-lock-file",
        "This file is @generated automatically"
    ],
    "hash": "fb92d6dc6b334ef5b49b84700f18f319",
    "content-hash": "91fc0c414b40dffbaacadbe6f2278ec3",
    "packages": [
        {
            "name": "hoa/console",
            "version": "2.15.07.27",
            "source": {
                "type": "git",
                "url": "https://github.com/hoaproject/Console.git",
                "reference": "3b871f5f1059a3664acb5380ebadd988daa7a0db"
            },
            "dist": {
                "type": "zip",
                "url": "https://api.github.com/repos/hoaproject/Console/zipball/3b871f5f1059a3664acb5380ebadd988daa7a0db",
                "reference": "3b871f5f1059a3664acb5380ebadd988daa7a0db",
                "shasum": ""
            },
            "require": {
                "hoa/core": "~2.0",
                "hoa/stream": "~0.0",
                "hoa/ustring": "~3.0"
            },
            "require-dev": {
                "hoa/test": "~1.0"
            },
            "suggest": {
                "ext-pcntl": "To enable hoa://Event/Console/Window:resize.",
                "hoa/dispatcher": "To use the console kit.",
                "hoa/router": "To use the console kit."
            },
            "type": "library",
            "extra": {
                "branch-alias": {
                    "dev-master": "2.x-dev"
                }
            },
            "autoload": {
                "psr-4": {
                    "Hoa\\Console\\": "."
                }
            },
            "notification-url": "https://packagist.org/downloads/",
            "license": [
                "BSD-3-Clause"
            ],
            "authors": [
                {
                    "name": "Ivan Enderlin",
                    "email": "ivan.enderlin@hoa-project.net"
                },
                {
                    "name": "Hoa community",
                    "homepage": "http://hoa-project.net/"
                }
            ],
            "description": "The Hoa\\Console library.",
            "homepage": "http://hoa-project.net/",
            "keywords": [
                "autocompletion",
                "chrome",
                "cli",
                "console",
                "cursor",
                "getoption",
                "library",
                "option",
                "parser",
                "processus",
                "readline",
                "terminfo",
                "tput",
                "window"
            ],
            "time": "2015-07-27 07:52:10"
        },
        {
            "name": "hoa/core",
            "version": "2.15.09.03",
            "source": {
                "type": "git",
                "url": "https://github.com/hoaproject/Core.git",
                "reference": "305a881847478d635f3cf565fd5e8ef382c21a70"
            },
            "dist": {
                "type": "zip",
                "url": "https://api.github.com/repos/hoaproject/Core/zipball/305a881847478d635f3cf565fd5e8ef382c21a70",
                "reference": "305a881847478d635f3cf565fd5e8ef382c21a70",
                "shasum": ""
            },
            "require": {
                "ext-spl": "*",
                "php": ">=5.4.0"
            },
            "require-dev": {
                "hoa/test": "~1.0"
            },
            "suggest": {
                "ext-mbstring": "ext/mbstring must be present (or a third implementation).",
                "hoa/cli": "To use the `hoa` script."
            },
            "type": "library",
            "extra": {
                "branch-alias": {
                    "dev-master": "2.x-dev"
                }
            },
            "autoload": {
                "psr-4": {
                    "Hoa\\Core\\": "."
                },
                "files": [
                    "Core.php"
                ]
            },
            "notification-url": "https://packagist.org/downloads/",
            "license": [
                "BSD-3-Clause"
            ],
            "authors": [
                {
                    "name": "Ivan Enderlin",
                    "email": "ivan.enderlin@hoa-project.net"
                },
                {
                    "name": "Hoa community",
                    "homepage": "http://hoa-project.net/"
                }
            ],
            "description": "The Hoa\\Core library.",
            "homepage": "http://hoa-project.net/",
            "keywords": [
                "consistency",
                "core",
                "data",
                "event",
                "library",
                "listener",
                "parameter",
                "protocol"
            ],
            "time": "2015-09-03 08:28:53"
        },
        {
            "name": "hoa/dispatcher",
            "version": "0.15.05.29",
            "source": {
                "type": "git",
                "url": "https://github.com/hoaproject/Dispatcher.git",
                "reference": "bd81177ea5bf8f3814f4790b8def9b6714baa682"
            },
            "dist": {
                "type": "zip",
                "url": "https://api.github.com/repos/hoaproject/Dispatcher/zipball/bd81177ea5bf8f3814f4790b8def9b6714baa682",
                "reference": "bd81177ea5bf8f3814f4790b8def9b6714baa682",
                "shasum": ""
            },
            "require": {
                "hoa/core": "~2.0"
            },
            "require-dev": {
                "hoa/router": "~2.0",
                "hoa/test": "~1.0",
                "hoa/view": "~2.0"
            },
            "suggest": {
                "hoa/router": "Provide routers.",
                "hoa/view": "Provide view interface."
            },
            "type": "library",
            "extra": {
                "branch-alias": {
                    "dev-master": "0.x-dev"
                }
            },
            "autoload": {
                "psr-4": {
                    "Hoa\\Dispatcher\\": "."
                }
            },
            "notification-url": "https://packagist.org/downloads/",
            "license": [
                "BSD-3-Clause"
            ],
            "authors": [
                {
                    "name": "Ivan Enderlin",
                    "email": "ivan.enderlin@hoa-project.net"
                },
                {
                    "name": "Hoa community",
                    "homepage": "http://hoa-project.net/"
                }
            ],
            "description": "The Hoa\\Dispatcher library.",
            "homepage": "http://hoa-project.net/",
            "keywords": [
                "dispatcher",
                "kit",
                "library"
            ],
            "time": "2015-05-29 13:48:38"
        },
        {
            "name": "hoa/file",
            "version": "0.15.05.27",
            "source": {
                "type": "git",
                "url": "https://github.com/hoaproject/File.git",
                "reference": "bd82aff5e81f16971c5fc99301a5c5717b1fd4da"
            },
            "dist": {
                "type": "zip",
                "url": "https://api.github.com/repos/hoaproject/File/zipball/bd82aff5e81f16971c5fc99301a5c5717b1fd4da",
                "reference": "bd82aff5e81f16971c5fc99301a5c5717b1fd4da",
                "shasum": ""
            },
            "require": {
                "hoa/core": "~2.0",
                "hoa/iterator": "~1.0",
                "hoa/stream": "~0.0"
            },
            "require-dev": {
                "hoa/test": "~1.0"
            },
            "type": "library",
            "extra": {
                "branch-alias": {
                    "dev-master": "0.x-dev"
                }
            },
            "autoload": {
                "psr-4": {
                    "Hoa\\File\\": "."
                }
            },
            "notification-url": "https://packagist.org/downloads/",
            "license": [
                "BSD-3-Clause"
            ],
            "authors": [
                {
                    "name": "Ivan Enderlin",
                    "email": "ivan.enderlin@hoa-project.net"
                },
                {
                    "name": "Hoa community",
                    "homepage": "http://hoa-project.net/"
                }
            ],
            "description": "The Hoa\\File library.",
            "homepage": "http://hoa-project.net/",
            "keywords": [
                "Socket",
                "directory",
                "file",
                "finder",
                "library",
                "link",
                "temporary"
            ],
            "time": "2015-05-27 09:18:31"
        },
        {
            "name": "hoa/iterator",
            "version": "1.15.09.08",
            "source": {
                "type": "git",
                "url": "https://github.com/hoaproject/Iterator.git",
                "reference": "05ef8a289e6ff65c6ab071b4fb49ad725d9154b4"
            },
            "dist": {
                "type": "zip",
                "url": "https://api.github.com/repos/hoaproject/Iterator/zipball/05ef8a289e6ff65c6ab071b4fb49ad725d9154b4",
                "reference": "05ef8a289e6ff65c6ab071b4fb49ad725d9154b4",
                "shasum": ""
            },
            "require": {
                "hoa/core": "~2.0"
            },
            "require-dev": {
                "hoa/test": "~1.0"
            },
            "type": "library",
            "extra": {
                "branch-alias": {
                    "dev-master": "1.x-dev"
                }
            },
            "autoload": {
                "psr-4": {
                    "Hoa\\Iterator\\": "."
                }
            },
            "notification-url": "https://packagist.org/downloads/",
            "license": [
                "BSD-3-Clause"
            ],
            "authors": [
                {
                    "name": "Ivan Enderlin",
                    "email": "ivan.enderlin@hoa-project.net"
                },
                {
                    "name": "Hoa community",
                    "homepage": "http://hoa-project.net/"
                }
            ],
            "description": "The Hoa\\Iterator library.",
            "homepage": "http://hoa-project.net/",
            "keywords": [
                "iterator",
                "library"
            ],
            "time": "2015-09-08 13:31:09"
        },
        {
            "name": "hoa/mime",
            "version": "2.15.07.28",
            "source": {
                "type": "git",
                "url": "https://github.com/hoaproject/Mime.git",
                "reference": "3011542a9e037895508f18e90811bc43070cd697"
            },
            "dist": {
                "type": "zip",
                "url": "https://api.github.com/repos/hoaproject/Mime/zipball/3011542a9e037895508f18e90811bc43070cd697",
                "reference": "3011542a9e037895508f18e90811bc43070cd697",
                "shasum": ""
            },
            "require": {
                "hoa/core": "~2.0",
                "hoa/stream": "~0.0"
            },
            "require-dev": {
                "hoa/file": "~0.0",
                "hoa/test": "~1.0"
            },
            "type": "library",
            "extra": {
                "branch-alias": {
                    "dev-master": "2.x-dev"
                }
            },
            "autoload": {
                "psr-4": {
                    "Hoa\\Mime\\": "."
                }
            },
            "notification-url": "https://packagist.org/downloads/",
            "license": [
                "BSD-3-Clause"
            ],
            "authors": [
                {
                    "name": "Ivan Enderlin",
                    "email": "ivan.enderlin@hoa-project.net"
                },
                {
                    "name": "Hoa community",
                    "homepage": "http://hoa-project.net/"
                }
            ],
            "description": "The Hoa\\Mime library.",
            "homepage": "http://hoa-project.net/",
            "keywords": [
                "library",
                "mime",
                "type"
            ],
            "time": "2015-07-28 11:39:29"
        },
        {
            "name": "hoa/router",
            "version": "2.15.08.03",
            "source": {
                "type": "git",
                "url": "https://github.com/hoaproject/Router.git",
                "reference": "01f5a84c69cb70626ce0d8731cf0ae27f57268c9"
            },
            "dist": {
                "type": "zip",
                "url": "https://api.github.com/repos/hoaproject/Router/zipball/01f5a84c69cb70626ce0d8731cf0ae27f57268c9",
                "reference": "01f5a84c69cb70626ce0d8731cf0ae27f57268c9",
                "shasum": ""
            },
            "require": {
                "hoa/core": "~2.0"
            },
            "type": "library",
            "extra": {
                "branch-alias": {
                    "dev-master": "2.x-dev"
                }
            },
            "autoload": {
                "psr-4": {
                    "Hoa\\Router\\": "."
                }
            },
            "notification-url": "https://packagist.org/downloads/",
            "license": [
                "BSD-3-Clause"
            ],
            "authors": [
                {
                    "name": "Ivan Enderlin",
                    "email": "ivan.enderlin@hoa-project.net"
                },
                {
                    "name": "Hoa community",
                    "homepage": "http://hoa-project.net/"
                }
            ],
            "description": "The Hoa\\Router library.",
            "homepage": "http://hoa-project.net/",
            "keywords": [
                "cli",
                "http",
                "library",
                "router"
            ],
            "time": "2015-08-03 07:32:03"
        },
        {
            "name": "hoa/stream",
            "version": "0.15.08.28",
            "source": {
                "type": "git",
                "url": "https://github.com/hoaproject/Stream.git",
                "reference": "cbd0f4749e447f4d31001e7c898f5e794c5861cb"
            },
            "dist": {
                "type": "zip",
                "url": "https://api.github.com/repos/hoaproject/Stream/zipball/cbd0f4749e447f4d31001e7c898f5e794c5861cb",
                "reference": "cbd0f4749e447f4d31001e7c898f5e794c5861cb",
                "shasum": ""
            },
            "require": {
                "hoa/core": "~2.0"
            },
            "type": "library",
            "extra": {
                "branch-alias": {
                    "dev-master": "0.x-dev"
                }
            },
            "autoload": {
                "psr-4": {
                    "Hoa\\Stream\\": "."
                }
            },
            "notification-url": "https://packagist.org/downloads/",
            "license": [
                "BSD-3-Clause"
            ],
            "authors": [
                {
                    "name": "Ivan Enderlin",
                    "email": "ivan.enderlin@hoa-project.net"
                },
                {
                    "name": "Hoa community",
                    "homepage": "http://hoa-project.net/"
                }
            ],
            "description": "The Hoa\\Stream library.",
            "homepage": "http://hoa-project.net/",
            "keywords": [
                "Context",
                "bucket",
                "composite",
                "filter",
                "in",
                "library",
                "out",
                "protocol",
                "stream",
                "wrapper"
            ],
            "time": "2015-08-28 07:31:43"
        },
        {
            "name": "hoa/ustring",
            "version": "3.15.08.03",
            "source": {
                "type": "git",
                "url": "https://github.com/hoaproject/Ustring.git",
                "reference": "261d5bfc53df8e895793d330f0fb96929fca355d"
            },
            "dist": {
                "type": "zip",
                "url": "https://api.github.com/repos/hoaproject/Ustring/zipball/261d5bfc53df8e895793d330f0fb96929fca355d",
                "reference": "261d5bfc53df8e895793d330f0fb96929fca355d",
                "shasum": ""
            },
            "require": {
                "hoa/core": "~2.0"
            },
            "require-dev": {
                "hoa/test": "~1.0"
            },
            "suggest": {
                "ext-iconv": "ext/iconv must be present (or a third implementation) to use Hoa\\Ustring::transcode().",
                "ext-intl": "To get a better Hoa\\Ustring::toAscii() and Hoa\\Ustring::compareTo()."
            },
            "type": "library",
            "extra": {
                "branch-alias": {
                    "dev-master": "3.x-dev"
                }
            },
            "autoload": {
                "psr-4": {
                    "Hoa\\Ustring\\": "."
                }
            },
            "notification-url": "https://packagist.org/downloads/",
            "license": [
                "BSD-3-Clause"
            ],
            "authors": [
                {
                    "name": "Ivan Enderlin",
                    "email": "ivan.enderlin@hoa-project.net"
                },
                {
                    "name": "Hoa community",
                    "homepage": "http://hoa-project.net/"
                }
            ],
            "description": "The Hoa\\Ustring library.",
            "homepage": "http://hoa-project.net/",
            "keywords": [
                "library",
                "search",
                "string",
                "unicode"
            ],
            "time": "2015-08-03 07:49:50"
        }
    ],
    "packages-dev": [],
    "aliases": [],
    "minimum-stability": "stable",
    "stability-flags": [],
    "prefer-stable": false,
    "prefer-lowest": false,
    "platform": [],
    "platform-dev": []
}
